// !$*UTF8*$!
{
	archiveVersion = 1;
	classes = {
	};
	objectVersion = 46;
	objects = {

/* Begin PBXBuildFile section */
		7D7CFE2019CEF13100E54589 /* AppDelegate.swift in Sources */ = {isa = PBXBuildFile; fileRef = 7D7CFE1F19CEF13100E54589 /* AppDelegate.swift */; };
		7D7CFE2219CEF13100E54589 /* ViewController.swift in Sources */ = {isa = PBXBuildFile; fileRef = 7D7CFE2119CEF13100E54589 /* ViewController.swift */; };
		7D7CFE2519CEF13100E54589 /* Main.storyboard in Resources */ = {isa = PBXBuildFile; fileRef = 7D7CFE2319CEF13100E54589 /* Main.storyboard */; };
		7D7CFE2719CEF13100E54589 /* Images.xcassets in Resources */ = {isa = PBXBuildFile; fileRef = 7D7CFE2619CEF13100E54589 /* Images.xcassets */; };
		7D7CFE2A19CEF13100E54589 /* LaunchScreen.xib in Resources */ = {isa = PBXBuildFile; fileRef = 7D7CFE2819CEF13100E54589 /* LaunchScreen.xib */; };
		7D7CFE3619CEF13100E54589 /* SwiftCurrencyTests.swift in Sources */ = {isa = PBXBuildFile; fileRef = 7D7CFE3519CEF13100E54589 /* SwiftCurrencyTests.swift */; };
		7D7CFE4619CEF18E00E54589 /* NotificationCenter.framework in Frameworks */ = {isa = PBXBuildFile; fileRef = 7D7CFE4519CEF18E00E54589 /* NotificationCenter.framework */; };
		7D7CFE4B19CEF18E00E54589 /* TodayViewController.swift in Sources */ = {isa = PBXBuildFile; fileRef = 7D7CFE4A19CEF18E00E54589 /* TodayViewController.swift */; };
		7D7CFE4D19CEF18E00E54589 /* MainInterface.storyboard in Resources */ = {isa = PBXBuildFile; fileRef = 7D7CFE4C19CEF18E00E54589 /* MainInterface.storyboard */; };
		7D7CFE5019CEF18E00E54589 /* SwiftCurrencyEx.appex in Embed App Extensions */ = {isa = PBXBuildFile; fileRef = 7D7CFE4319CEF18E00E54589 /* SwiftCurrencyEx.appex */; settings = {ATTRIBUTES = (RemoveHeadersOnCopy, ); }; };
		E669A0A619D023D200D83795 /* SCMainCurrencyCell.swift in Sources */ = {isa = PBXBuildFile; fileRef = E669A0A519D023D200D83795 /* SCMainCurrencyCell.swift */; };
		E67B377919DF9D4F004EF5FD /* SCPlusCell.swift in Sources */ = {isa = PBXBuildFile; fileRef = E67B377819DF9D4F004EF5FD /* SCPlusCell.swift */; };
		E67B377D19DFAB27004EF5FD /* SCCandidatesViewController.swift in Sources */ = {isa = PBXBuildFile; fileRef = E67B377C19DFAB27004EF5FD /* SCCandidatesViewController.swift */; };
		E69D62E019CEF34300E8DFF2 /* Alamofire.framework in Frameworks */ = {isa = PBXBuildFile; fileRef = E69D62DD19CEF31800E8DFF2 /* Alamofire.framework */; };
		E69D62E219CEF39E00E8DFF2 /* Alamofire.framework in Copy Frameworks */ = {isa = PBXBuildFile; fileRef = E69D62DD19CEF31800E8DFF2 /* Alamofire.framework */; settings = {ATTRIBUTES = (CodeSignOnCopy, RemoveHeadersOnCopy, ); }; };
		E69D62E519CF019400E8DFF2 /* Flags.xcassets in Resources */ = {isa = PBXBuildFile; fileRef = E69D62E419CF019400E8DFF2 /* Flags.xcassets */; };
		E69D62E919CF027000E8DFF2 /* countries.json in Resources */ = {isa = PBXBuildFile; fileRef = E69D62E819CF027000E8DFF2 /* countries.json */; };
		E6EE705319CF14A700F8EA35 /* Localizable.strings in Resources */ = {isa = PBXBuildFile; fileRef = E6EE705519CF14A700F8EA35 /* Localizable.strings */; };
		E6EE705F19CF28F800F8EA35 /* Currencies.strings in Resources */ = {isa = PBXBuildFile; fileRef = E6EE706119CF28F800F8EA35 /* Currencies.strings */; };
		E6EE707019CFBBA600F8EA35 /* SCCurrency.swift in Sources */ = {isa = PBXBuildFile; fileRef = E6EE706F19CFBBA600F8EA35 /* SCCurrency.swift */; };
		E6EE707219CFC4E900F8EA35 /* SCModel.swift in Sources */ = {isa = PBXBuildFile; fileRef = E6EE707119CFC4E900F8EA35 /* SCModel.swift */; };
		E6EE707819CFD27600F8EA35 /* SCCurrencyCell.swift in Sources */ = {isa = PBXBuildFile; fileRef = E6EE707719CFD27600F8EA35 /* SCCurrencyCell.swift */; };
		E6EE707A19CFE50B00F8EA35 /* SCAPI.swift in Sources */ = {isa = PBXBuildFile; fileRef = E6EE707919CFE50B00F8EA35 /* SCAPI.swift */; };
		E6FDC22F19DE437900489328 /* SCAboutViewController.swift in Sources */ = {isa = PBXBuildFile; fileRef = E6FDC22E19DE437900489328 /* SCAboutViewController.swift */; };
/* End PBXBuildFile section */

/* Begin PBXContainerItemProxy section */
		7D7CFE3019CEF13100E54589 /* PBXContainerItemProxy */ = {
			isa = PBXContainerItemProxy;
			containerPortal = 7D7CFE1219CEF13100E54589 /* Project object */;
			proxyType = 1;
			remoteGlobalIDString = 7D7CFE1919CEF13100E54589;
			remoteInfo = SwiftCurrency;
		};
		7D7CFE4E19CEF18E00E54589 /* PBXContainerItemProxy */ = {
			isa = PBXContainerItemProxy;
			containerPortal = 7D7CFE1219CEF13100E54589 /* Project object */;
			proxyType = 1;
			remoteGlobalIDString = 7D7CFE4219CEF18E00E54589;
			remoteInfo = SwiftCurrencyEx;
		};
		7D7CFE5119CEF18E00E54589 /* PBXContainerItemProxy */ = {
			isa = PBXContainerItemProxy;
			containerPortal = 7D7CFE1219CEF13100E54589 /* Project object */;
			proxyType = 1;
			remoteGlobalIDString = 7D7CFE4219CEF18E00E54589;
			remoteInfo = SwiftCurrencyEx;
		};
		E69D62DC19CEF31800E8DFF2 /* PBXContainerItemProxy */ = {
			isa = PBXContainerItemProxy;
			containerPortal = E69D62D719CEF31800E8DFF2 /* Alamofire.xcodeproj */;
			proxyType = 2;
			remoteGlobalIDString = F8111E3319A95C8B0040E7D1;
			remoteInfo = Alamofire;
		};
		E69D62DE19CEF31800E8DFF2 /* PBXContainerItemProxy */ = {
			isa = PBXContainerItemProxy;
			containerPortal = E69D62D719CEF31800E8DFF2 /* Alamofire.xcodeproj */;
			proxyType = 2;
			remoteGlobalIDString = F8111E3E19A95C8B0040E7D1;
			remoteInfo = AlamofireTests;
		};
/* End PBXContainerItemProxy section */

/* Begin PBXCopyFilesBuildPhase section */
		7D7CFE5619CEF18E00E54589 /* Embed App Extensions */ = {
			isa = PBXCopyFilesBuildPhase;
			buildActionMask = 2147483647;
			dstPath = "";
			dstSubfolderSpec = 13;
			files = (
				7D7CFE5019CEF18E00E54589 /* SwiftCurrencyEx.appex in Embed App Extensions */,
			);
			name = "Embed App Extensions";
			runOnlyForDeploymentPostprocessing = 0;
		};
		E69D62E119CEF34E00E8DFF2 /* Copy Frameworks */ = {
			isa = PBXCopyFilesBuildPhase;
			buildActionMask = 2147483647;
			dstPath = "";
			dstSubfolderSpec = 10;
			files = (
				E69D62E219CEF39E00E8DFF2 /* Alamofire.framework in Copy Frameworks */,
			);
			name = "Copy Frameworks";
			runOnlyForDeploymentPostprocessing = 0;
		};
		E6EE704619CF111300F8EA35 /* CopyFiles */ = {
			isa = PBXCopyFilesBuildPhase;
			buildActionMask = 2147483647;
			dstPath = "";
			dstSubfolderSpec = 7;
			files = (
			);
			runOnlyForDeploymentPostprocessing = 0;
		};
/* End PBXCopyFilesBuildPhase section */

/* Begin PBXFileReference section */
		7D7CFE1A19CEF13100E54589 /* SwiftCurrency.app */ = {isa = PBXFileReference; explicitFileType = wrapper.application; includeInIndex = 0; path = SwiftCurrency.app; sourceTree = BUILT_PRODUCTS_DIR; };
		7D7CFE1E19CEF13100E54589 /* Info.plist */ = {isa = PBXFileReference; lastKnownFileType = text.plist.xml; path = Info.plist; sourceTree = "<group>"; };
		7D7CFE1F19CEF13100E54589 /* AppDelegate.swift */ = {isa = PBXFileReference; lastKnownFileType = sourcecode.swift; path = AppDelegate.swift; sourceTree = "<group>"; };
		7D7CFE2119CEF13100E54589 /* ViewController.swift */ = {isa = PBXFileReference; lastKnownFileType = sourcecode.swift; path = ViewController.swift; sourceTree = "<group>"; };
		7D7CFE2419CEF13100E54589 /* Base */ = {isa = PBXFileReference; lastKnownFileType = file.storyboard; name = Base; path = Base.lproj/Main.storyboard; sourceTree = "<group>"; };
		7D7CFE2619CEF13100E54589 /* Images.xcassets */ = {isa = PBXFileReference; lastKnownFileType = folder.assetcatalog; path = Images.xcassets; sourceTree = "<group>"; };
		7D7CFE2919CEF13100E54589 /* Base */ = {isa = PBXFileReference; lastKnownFileType = file.xib; name = Base; path = Base.lproj/LaunchScreen.xib; sourceTree = "<group>"; };
		7D7CFE2F19CEF13100E54589 /* SwiftCurrencyTests.xctest */ = {isa = PBXFileReference; explicitFileType = wrapper.cfbundle; includeInIndex = 0; path = SwiftCurrencyTests.xctest; sourceTree = BUILT_PRODUCTS_DIR; };
		7D7CFE3419CEF13100E54589 /* Info.plist */ = {isa = PBXFileReference; lastKnownFileType = text.plist.xml; path = Info.plist; sourceTree = "<group>"; };
		7D7CFE3519CEF13100E54589 /* SwiftCurrencyTests.swift */ = {isa = PBXFileReference; lastKnownFileType = sourcecode.swift; path = SwiftCurrencyTests.swift; sourceTree = "<group>"; };
		7D7CFE4319CEF18E00E54589 /* SwiftCurrencyEx.appex */ = {isa = PBXFileReference; explicitFileType = "wrapper.app-extension"; includeInIndex = 0; path = SwiftCurrencyEx.appex; sourceTree = BUILT_PRODUCTS_DIR; };
		7D7CFE4519CEF18E00E54589 /* NotificationCenter.framework */ = {isa = PBXFileReference; lastKnownFileType = wrapper.framework; name = NotificationCenter.framework; path = System/Library/Frameworks/NotificationCenter.framework; sourceTree = SDKROOT; };
		7D7CFE4919CEF18E00E54589 /* Info.plist */ = {isa = PBXFileReference; lastKnownFileType = text.plist.xml; path = Info.plist; sourceTree = "<group>"; };
		7D7CFE4A19CEF18E00E54589 /* TodayViewController.swift */ = {isa = PBXFileReference; lastKnownFileType = sourcecode.swift; path = TodayViewController.swift; sourceTree = "<group>"; };
		7D7CFE4C19CEF18E00E54589 /* MainInterface.storyboard */ = {isa = PBXFileReference; lastKnownFileType = file.storyboard; path = MainInterface.storyboard; sourceTree = "<group>"; };
		7D7CFE5719CEF19A00E54589 /* SwiftCurrency.entitlements */ = {isa = PBXFileReference; lastKnownFileType = text.xml; path = SwiftCurrency.entitlements; sourceTree = "<group>"; };
		7D7CFE5819CEF20B00E54589 /* SwiftCurrencyEx.entitlements */ = {isa = PBXFileReference; lastKnownFileType = text.xml; path = SwiftCurrencyEx.entitlements; sourceTree = "<group>"; };
		E669A0A519D023D200D83795 /* SCMainCurrencyCell.swift */ = {isa = PBXFileReference; fileEncoding = 4; lastKnownFileType = sourcecode.swift; path = SCMainCurrencyCell.swift; sourceTree = "<group>"; };
		E67B377819DF9D4F004EF5FD /* SCPlusCell.swift */ = {isa = PBXFileReference; fileEncoding = 4; lastKnownFileType = sourcecode.swift; path = SCPlusCell.swift; sourceTree = "<group>"; };
		E67B377C19DFAB27004EF5FD /* SCCandidatesViewController.swift */ = {isa = PBXFileReference; fileEncoding = 4; lastKnownFileType = sourcecode.swift; path = SCCandidatesViewController.swift; sourceTree = "<group>"; };
		E69D62D719CEF31800E8DFF2 /* Alamofire.xcodeproj */ = {isa = PBXFileReference; lastKnownFileType = "wrapper.pb-project"; name = Alamofire.xcodeproj; path = ../Alamofire/Alamofire.xcodeproj; sourceTree = "<group>"; };
		E69D62E419CF019400E8DFF2 /* Flags.xcassets */ = {isa = PBXFileReference; lastKnownFileType = folder.assetcatalog; path = Flags.xcassets; sourceTree = "<group>"; };
		E69D62E819CF027000E8DFF2 /* countries.json */ = {isa = PBXFileReference; fileEncoding = 4; lastKnownFileType = text.json; path = countries.json; sourceTree = "<group>"; };
		E6EE705119CF146D00F8EA35 /* zh-Hant */ = {isa = PBXFileReference; lastKnownFileType = text.plist.strings; name = "zh-Hant"; path = "zh-Hant.lproj/Main.strings"; sourceTree = "<group>"; };
		E6EE705219CF146D00F8EA35 /* zh-Hant */ = {isa = PBXFileReference; lastKnownFileType = text.plist.strings; name = "zh-Hant"; path = "zh-Hant.lproj/LaunchScreen.strings"; sourceTree = "<group>"; };
		E6EE705419CF14A700F8EA35 /* Base */ = {isa = PBXFileReference; lastKnownFileType = text.plist.strings; name = Base; path = Base.lproj/Localizable.strings; sourceTree = "<group>"; };
		E6EE705719CF14BA00F8EA35 /* zh-Hant */ = {isa = PBXFileReference; lastKnownFileType = text.plist.strings; name = "zh-Hant"; path = "zh-Hant.lproj/Localizable.strings"; sourceTree = "<group>"; };
		E6EE706019CF28F800F8EA35 /* zh-Hant */ = {isa = PBXFileReference; lastKnownFileType = text.plist.strings; name = "zh-Hant"; path = "zh-Hant.lproj/Currencies.strings"; sourceTree = "<group>"; };
		E6EE706219CF28FD00F8EA35 /* Base */ = {isa = PBXFileReference; lastKnownFileType = text.plist.strings; name = Base; path = Base.lproj/Currencies.strings; sourceTree = "<group>"; };
		E6EE706F19CFBBA600F8EA35 /* SCCurrency.swift */ = {isa = PBXFileReference; fileEncoding = 4; lastKnownFileType = sourcecode.swift; path = SCCurrency.swift; sourceTree = "<group>"; };
		E6EE707119CFC4E900F8EA35 /* SCModel.swift */ = {isa = PBXFileReference; fileEncoding = 4; lastKnownFileType = sourcecode.swift; path = SCModel.swift; sourceTree = "<group>"; };
		E6EE707719CFD27600F8EA35 /* SCCurrencyCell.swift */ = {isa = PBXFileReference; fileEncoding = 4; lastKnownFileType = sourcecode.swift; path = SCCurrencyCell.swift; sourceTree = "<group>"; };
		E6EE707919CFE50B00F8EA35 /* SCAPI.swift */ = {isa = PBXFileReference; fileEncoding = 4; lastKnownFileType = sourcecode.swift; path = SCAPI.swift; sourceTree = "<group>"; };
		E6FDC22E19DE437900489328 /* SCAboutViewController.swift */ = {isa = PBXFileReference; fileEncoding = 4; lastKnownFileType = sourcecode.swift; path = SCAboutViewController.swift; sourceTree = "<group>"; };
/* End PBXFileReference section */

/* Begin PBXFrameworksBuildPhase section */
		7D7CFE1719CEF13100E54589 /* Frameworks */ = {
			isa = PBXFrameworksBuildPhase;
			buildActionMask = 2147483647;
			files = (
				E69D62E019CEF34300E8DFF2 /* Alamofire.framework in Frameworks */,
			);
			runOnlyForDeploymentPostprocessing = 0;
		};
		7D7CFE2C19CEF13100E54589 /* Frameworks */ = {
			isa = PBXFrameworksBuildPhase;
			buildActionMask = 2147483647;
			files = (
			);
			runOnlyForDeploymentPostprocessing = 0;
		};
		7D7CFE4019CEF18E00E54589 /* Frameworks */ = {
			isa = PBXFrameworksBuildPhase;
			buildActionMask = 2147483647;
			files = (
				7D7CFE4619CEF18E00E54589 /* NotificationCenter.framework in Frameworks */,
			);
			runOnlyForDeploymentPostprocessing = 0;
		};
/* End PBXFrameworksBuildPhase section */

/* Begin PBXGroup section */
		7D7CFE1119CEF13100E54589 = {
			isa = PBXGroup;
			children = (
				E69D62D719CEF31800E8DFF2 /* Alamofire.xcodeproj */,
				7D7CFE1C19CEF13100E54589 /* SwiftCurrency */,
				7D7CFE3219CEF13100E54589 /* SwiftCurrencyTests */,
				7D7CFE4719CEF18E00E54589 /* SwiftCurrencyEx */,
				7D7CFE4419CEF18E00E54589 /* Frameworks */,
				7D7CFE1B19CEF13100E54589 /* Products */,
			);
			sourceTree = "<group>";
		};
		7D7CFE1B19CEF13100E54589 /* Products */ = {
			isa = PBXGroup;
			children = (
				7D7CFE1A19CEF13100E54589 /* SwiftCurrency.app */,
				7D7CFE2F19CEF13100E54589 /* SwiftCurrencyTests.xctest */,
				7D7CFE4319CEF18E00E54589 /* SwiftCurrencyEx.appex */,
			);
			name = Products;
			sourceTree = "<group>";
		};
		7D7CFE1C19CEF13100E54589 /* SwiftCurrency */ = {
			isa = PBXGroup;
			children = (
				E6EE707619CFD26400F8EA35 /* view */,
				E6EE706C19CFBAEE00F8EA35 /* model */,
				7D7CFE5719CEF19A00E54589 /* SwiftCurrency.entitlements */,
				7D7CFE1F19CEF13100E54589 /* AppDelegate.swift */,
				7D7CFE2119CEF13100E54589 /* ViewController.swift */,
				7D7CFE2319CEF13100E54589 /* Main.storyboard */,
				7D7CFE2619CEF13100E54589 /* Images.xcassets */,
				7D7CFE2819CEF13100E54589 /* LaunchScreen.xib */,
				7D7CFE1D19CEF13100E54589 /* Supporting Files */,
				E69D62E419CF019400E8DFF2 /* Flags.xcassets */,
				E69D62E819CF027000E8DFF2 /* countries.json */,
				E6FDC22E19DE437900489328 /* SCAboutViewController.swift */,
				E67B377C19DFAB27004EF5FD /* SCCandidatesViewController.swift */,
			);
			path = SwiftCurrency;
			sourceTree = "<group>";
		};
		7D7CFE1D19CEF13100E54589 /* Supporting Files */ = {
			isa = PBXGroup;
			children = (
				7D7CFE1E19CEF13100E54589 /* Info.plist */,
				E6EE705519CF14A700F8EA35 /* Localizable.strings */,
				E6EE706119CF28F800F8EA35 /* Currencies.strings */,
			);
			name = "Supporting Files";
			sourceTree = "<group>";
		};
		7D7CFE3219CEF13100E54589 /* SwiftCurrencyTests */ = {
			isa = PBXGroup;
			children = (
				7D7CFE3519CEF13100E54589 /* SwiftCurrencyTests.swift */,
				7D7CFE3319CEF13100E54589 /* Supporting Files */,
			);
			path = SwiftCurrencyTests;
			sourceTree = "<group>";
		};
		7D7CFE3319CEF13100E54589 /* Supporting Files */ = {
			isa = PBXGroup;
			children = (
				7D7CFE3419CEF13100E54589 /* Info.plist */,
			);
			name = "Supporting Files";
			sourceTree = "<group>";
		};
		7D7CFE4419CEF18E00E54589 /* Frameworks */ = {
			isa = PBXGroup;
			children = (
				7D7CFE4519CEF18E00E54589 /* NotificationCenter.framework */,
			);
			name = Frameworks;
			sourceTree = "<group>";
		};
		7D7CFE4719CEF18E00E54589 /* SwiftCurrencyEx */ = {
			isa = PBXGroup;
			children = (
				7D7CFE5819CEF20B00E54589 /* SwiftCurrencyEx.entitlements */,
				7D7CFE4A19CEF18E00E54589 /* TodayViewController.swift */,
				7D7CFE4C19CEF18E00E54589 /* MainInterface.storyboard */,
				7D7CFE4819CEF18E00E54589 /* Supporting Files */,
			);
			path = SwiftCurrencyEx;
			sourceTree = "<group>";
		};
		7D7CFE4819CEF18E00E54589 /* Supporting Files */ = {
			isa = PBXGroup;
			children = (
				7D7CFE4919CEF18E00E54589 /* Info.plist */,
			);
			name = "Supporting Files";
			sourceTree = "<group>";
		};
		E69D62D819CEF31800E8DFF2 /* Products */ = {
			isa = PBXGroup;
			children = (
				E69D62DD19CEF31800E8DFF2 /* Alamofire.framework */,
				E69D62DF19CEF31800E8DFF2 /* AlamofireTests.xctest */,
			);
			name = Products;
			sourceTree = "<group>";
		};
		E6EE706C19CFBAEE00F8EA35 /* model */ = {
			isa = PBXGroup;
			children = (
				E6EE706F19CFBBA600F8EA35 /* SCCurrency.swift */,
				E6EE707119CFC4E900F8EA35 /* SCModel.swift */,
				E6EE707919CFE50B00F8EA35 /* SCAPI.swift */,
			);
			name = model;
			sourceTree = "<group>";
		};
		E6EE707619CFD26400F8EA35 /* view */ = {
			isa = PBXGroup;
			children = (
				E6EE707719CFD27600F8EA35 /* SCCurrencyCell.swift */,
				E669A0A519D023D200D83795 /* SCMainCurrencyCell.swift */,
				E67B377819DF9D4F004EF5FD /* SCPlusCell.swift */,
			);
			name = view;
			sourceTree = "<group>";
		};
/* End PBXGroup section */

/* Begin PBXNativeTarget section */
		7D7CFE1919CEF13100E54589 /* SwiftCurrency */ = {
			isa = PBXNativeTarget;
			buildConfigurationList = 7D7CFE3919CEF13100E54589 /* Build configuration list for PBXNativeTarget "SwiftCurrency" */;
			buildPhases = (
				7D7CFE1619CEF13100E54589 /* Sources */,
				7D7CFE1719CEF13100E54589 /* Frameworks */,
				7D7CFE1819CEF13100E54589 /* Resources */,
				7D7CFE5619CEF18E00E54589 /* Embed App Extensions */,
				E69D62E119CEF34E00E8DFF2 /* Copy Frameworks */,
				E6EE704619CF111300F8EA35 /* CopyFiles */,
			);
			buildRules = (
			);
			dependencies = (
				7D7CFE4F19CEF18E00E54589 /* PBXTargetDependency */,
				7D7CFE5219CEF18E00E54589 /* PBXTargetDependency */,
			);
			name = SwiftCurrency;
			productName = SwiftCurrency;
			productReference = 7D7CFE1A19CEF13100E54589 /* SwiftCurrency.app */;
			productType = "com.apple.product-type.application";
		};
		7D7CFE2E19CEF13100E54589 /* SwiftCurrencyTests */ = {
			isa = PBXNativeTarget;
			buildConfigurationList = 7D7CFE3C19CEF13100E54589 /* Build configuration list for PBXNativeTarget "SwiftCurrencyTests" */;
			buildPhases = (
				7D7CFE2B19CEF13100E54589 /* Sources */,
				7D7CFE2C19CEF13100E54589 /* Frameworks */,
				7D7CFE2D19CEF13100E54589 /* Resources */,
			);
			buildRules = (
			);
			dependencies = (
				7D7CFE3119CEF13100E54589 /* PBXTargetDependency */,
			);
			name = SwiftCurrencyTests;
			productName = SwiftCurrencyTests;
			productReference = 7D7CFE2F19CEF13100E54589 /* SwiftCurrencyTests.xctest */;
			productType = "com.apple.product-type.bundle.unit-test";
		};
		7D7CFE4219CEF18E00E54589 /* SwiftCurrencyEx */ = {
			isa = PBXNativeTarget;
			buildConfigurationList = 7D7CFE5319CEF18E00E54589 /* Build configuration list for PBXNativeTarget "SwiftCurrencyEx" */;
			buildPhases = (
				7D7CFE3F19CEF18E00E54589 /* Sources */,
				7D7CFE4019CEF18E00E54589 /* Frameworks */,
				7D7CFE4119CEF18E00E54589 /* Resources */,
			);
			buildRules = (
			);
			dependencies = (
			);
			name = SwiftCurrencyEx;
			productName = SwiftCurrencyEx;
			productReference = 7D7CFE4319CEF18E00E54589 /* SwiftCurrencyEx.appex */;
			productType = "com.apple.product-type.app-extension";
		};
/* End PBXNativeTarget section */

/* Begin PBXProject section */
		7D7CFE1219CEF13100E54589 /* Project object */ = {
			isa = PBXProject;
			attributes = {
				CLASSPREFIX = SC;
				LastUpgradeCheck = 0600;
				ORGANIZATIONNAME = corrugater;
				TargetAttributes = {
					7D7CFE1919CEF13100E54589 = {
						CreatedOnToolsVersion = 6.0.1;
						DevelopmentTeam = S7QET5UZLC;
						SystemCapabilities = {
							com.apple.ApplicationGroups.iOS = {
								enabled = 1;
							};
						};
					};
					7D7CFE2E19CEF13100E54589 = {
						CreatedOnToolsVersion = 6.0.1;
						TestTargetID = 7D7CFE1919CEF13100E54589;
					};
					7D7CFE4219CEF18E00E54589 = {
						CreatedOnToolsVersion = 6.0.1;
						DevelopmentTeam = S7QET5UZLC;
						SystemCapabilities = {
							com.apple.ApplicationGroups.iOS = {
								enabled = 1;
							};
						};
					};
				};
			};
			buildConfigurationList = 7D7CFE1519CEF13100E54589 /* Build configuration list for PBXProject "SwiftCurrency" */;
			compatibilityVersion = "Xcode 3.2";
			developmentRegion = English;
			hasScannedForEncodings = 0;
			knownRegions = (
				en,
				Base,
				"zh-Hant",
			);
			mainGroup = 7D7CFE1119CEF13100E54589;
			productRefGroup = 7D7CFE1B19CEF13100E54589 /* Products */;
			projectDirPath = "";
			projectReferences = (
				{
					ProductGroup = E69D62D819CEF31800E8DFF2 /* Products */;
					ProjectRef = E69D62D719CEF31800E8DFF2 /* Alamofire.xcodeproj */;
				},
			);
			projectRoot = "";
			targets = (
				7D7CFE1919CEF13100E54589 /* SwiftCurrency */,
				7D7CFE2E19CEF13100E54589 /* SwiftCurrencyTests */,
				7D7CFE4219CEF18E00E54589 /* SwiftCurrencyEx */,
			);
		};
/* End PBXProject section */

/* Begin PBXReferenceProxy section */
		E69D62DD19CEF31800E8DFF2 /* Alamofire.framework */ = {
			isa = PBXReferenceProxy;
			fileType = wrapper.framework;
			path = Alamofire.framework;
			remoteRef = E69D62DC19CEF31800E8DFF2 /* PBXContainerItemProxy */;
			sourceTree = BUILT_PRODUCTS_DIR;
		};
		E69D62DF19CEF31800E8DFF2 /* AlamofireTests.xctest */ = {
			isa = PBXReferenceProxy;
			fileType = wrapper.cfbundle;
			path = AlamofireTests.xctest;
			remoteRef = E69D62DE19CEF31800E8DFF2 /* PBXContainerItemProxy */;
			sourceTree = BUILT_PRODUCTS_DIR;
		};
/* End PBXReferenceProxy section */

/* Begin PBXResourcesBuildPhase section */
		7D7CFE1819CEF13100E54589 /* Resources */ = {
			isa = PBXResourcesBuildPhase;
			buildActionMask = 2147483647;
			files = (
				7D7CFE2519CEF13100E54589 /* Main.storyboard in Resources */,
				E6EE705319CF14A700F8EA35 /* Localizable.strings in Resources */,
				7D7CFE2A19CEF13100E54589 /* LaunchScreen.xib in Resources */,
				7D7CFE2719CEF13100E54589 /* Images.xcassets in Resources */,
				E69D62E919CF027000E8DFF2 /* countries.json in Resources */,
				E69D62E519CF019400E8DFF2 /* Flags.xcassets in Resources */,
				E6EE705F19CF28F800F8EA35 /* Currencies.strings in Resources */,
			);
			runOnlyForDeploymentPostprocessing = 0;
		};
		7D7CFE2D19CEF13100E54589 /* Resources */ = {
			isa = PBXResourcesBuildPhase;
			buildActionMask = 2147483647;
			files = (
			);
			runOnlyForDeploymentPostprocessing = 0;
		};
		7D7CFE4119CEF18E00E54589 /* Resources */ = {
			isa = PBXResourcesBuildPhase;
			buildActionMask = 2147483647;
			files = (
				7D7CFE4D19CEF18E00E54589 /* MainInterface.storyboard in Resources */,
			);
			runOnlyForDeploymentPostprocessing = 0;
		};
/* End PBXResourcesBuildPhase section */

/* Begin PBXSourcesBuildPhase section */
		7D7CFE1619CEF13100E54589 /* Sources */ = {
			isa = PBXSourcesBuildPhase;
			buildActionMask = 2147483647;
			files = (
				E67B377D19DFAB27004EF5FD /* SCCandidatesViewController.swift in Sources */,
				E67B377919DF9D4F004EF5FD /* SCPlusCell.swift in Sources */,
				E6EE707019CFBBA600F8EA35 /* SCCurrency.swift in Sources */,
				E669A0A619D023D200D83795 /* SCMainCurrencyCell.swift in Sources */,
				E6EE707819CFD27600F8EA35 /* SCCurrencyCell.swift in Sources */,
				E6EE707A19CFE50B00F8EA35 /* SCAPI.swift in Sources */,
				7D7CFE2219CEF13100E54589 /* ViewController.swift in Sources */,
				E6EE707219CFC4E900F8EA35 /* SCModel.swift in Sources */,
				E6FDC22F19DE437900489328 /* SCAboutViewController.swift in Sources */,
				7D7CFE2019CEF13100E54589 /* AppDelegate.swift in Sources */,
			);
			runOnlyForDeploymentPostprocessing = 0;
		};
		7D7CFE2B19CEF13100E54589 /* Sources */ = {
			isa = PBXSourcesBuildPhase;
			buildActionMask = 2147483647;
			files = (
				7D7CFE3619CEF13100E54589 /* SwiftCurrencyTests.swift in Sources */,
			);
			runOnlyForDeploymentPostprocessing = 0;
		};
		7D7CFE3F19CEF18E00E54589 /* Sources */ = {
			isa = PBXSourcesBuildPhase;
			buildActionMask = 2147483647;
			files = (
				7D7CFE4B19CEF18E00E54589 /* TodayViewController.swift in Sources */,
			);
			runOnlyForDeploymentPostprocessing = 0;
		};
/* End PBXSourcesBuildPhase section */

/* Begin PBXTargetDependency section */
		7D7CFE3119CEF13100E54589 /* PBXTargetDependency */ = {
			isa = PBXTargetDependency;
			target = 7D7CFE1919CEF13100E54589 /* SwiftCurrency */;
			targetProxy = 7D7CFE3019CEF13100E54589 /* PBXContainerItemProxy */;
		};
		7D7CFE4F19CEF18E00E54589 /* PBXTargetDependency */ = {
			isa = PBXTargetDependency;
			target = 7D7CFE4219CEF18E00E54589 /* SwiftCurrencyEx */;
			targetProxy = 7D7CFE4E19CEF18E00E54589 /* PBXContainerItemProxy */;
		};
		7D7CFE5219CEF18E00E54589 /* PBXTargetDependency */ = {
			isa = PBXTargetDependency;
			target = 7D7CFE4219CEF18E00E54589 /* SwiftCurrencyEx */;
			targetProxy = 7D7CFE5119CEF18E00E54589 /* PBXContainerItemProxy */;
		};
/* End PBXTargetDependency section */

/* Begin PBXVariantGroup section */
		7D7CFE2319CEF13100E54589 /* Main.storyboard */ = {
			isa = PBXVariantGroup;
			children = (
				7D7CFE2419CEF13100E54589 /* Base */,
				E6EE705119CF146D00F8EA35 /* zh-Hant */,
			);
			name = Main.storyboard;
			sourceTree = "<group>";
		};
		7D7CFE2819CEF13100E54589 /* LaunchScreen.xib */ = {
			isa = PBXVariantGroup;
			children = (
				7D7CFE2919CEF13100E54589 /* Base */,
				E6EE705219CF146D00F8EA35 /* zh-Hant */,
			);
			name = LaunchScreen.xib;
			sourceTree = "<group>";
		};
		E6EE705519CF14A700F8EA35 /* Localizable.strings */ = {
			isa = PBXVariantGroup;
			children = (
				E6EE705419CF14A700F8EA35 /* Base */,
				E6EE705719CF14BA00F8EA35 /* zh-Hant */,
			);
			name = Localizable.strings;
			sourceTree = "<group>";
		};
		E6EE706119CF28F800F8EA35 /* Currencies.strings */ = {
			isa = PBXVariantGroup;
			children = (
				E6EE706019CF28F800F8EA35 /* zh-Hant */,
				E6EE706219CF28FD00F8EA35 /* Base */,
			);
			name = Currencies.strings;
			sourceTree = "<group>";
		};
/* End PBXVariantGroup section */

/* Begin XCBuildConfiguration section */
		7D7CFE3719CEF13100E54589 /* Debug */ = {
			isa = XCBuildConfiguration;
			buildSettings = {
				ALWAYS_SEARCH_USER_PATHS = NO;
				CLANG_CXX_LANGUAGE_STANDARD = "gnu++0x";
				CLANG_CXX_LIBRARY = "libc++";
				CLANG_ENABLE_MODULES = YES;
				CLANG_ENABLE_OBJC_ARC = YES;
				CLANG_WARN_BOOL_CONVERSION = YES;
				CLANG_WARN_CONSTANT_CONVERSION = YES;
				CLANG_WARN_DIRECT_OBJC_ISA_USAGE = YES_ERROR;
				CLANG_WARN_EMPTY_BODY = YES;
				CLANG_WARN_ENUM_CONVERSION = YES;
				CLANG_WARN_INT_CONVERSION = YES;
				CLANG_WARN_OBJC_ROOT_CLASS = YES_ERROR;
				CLANG_WARN_UNREACHABLE_CODE = YES;
				CLANG_WARN__DUPLICATE_METHOD_MATCH = YES;
				"CODE_SIGN_IDENTITY[sdk=iphoneos*]" = "iPhone Developer";
				COPY_PHASE_STRIP = NO;
				ENABLE_STRICT_OBJC_MSGSEND = YES;
				GCC_C_LANGUAGE_STANDARD = gnu99;
				GCC_DYNAMIC_NO_PIC = NO;
				GCC_OPTIMIZATION_LEVEL = 0;
				GCC_PREPROCESSOR_DEFINITIONS = (
					"DEBUG=1",
					"$(inherited)",
				);
				GCC_SYMBOLS_PRIVATE_EXTERN = NO;
				GCC_WARN_64_TO_32_BIT_CONVERSION = YES;
				GCC_WARN_ABOUT_RETURN_TYPE = YES_ERROR;
				GCC_WARN_UNDECLARED_SELECTOR = YES;
				GCC_WARN_UNINITIALIZED_AUTOS = YES_AGGRESSIVE;
				GCC_WARN_UNUSED_FUNCTION = YES;
				GCC_WARN_UNUSED_VARIABLE = YES;
				IPHONEOS_DEPLOYMENT_TARGET = 8.0;
				MTL_ENABLE_DEBUG_INFO = YES;
				ONLY_ACTIVE_ARCH = YES;
				SDKROOT = iphoneos;
				SWIFT_OPTIMIZATION_LEVEL = "-Onone";
				TARGETED_DEVICE_FAMILY = "1,2";
			};
			name = Debug;
		};
		7D7CFE3819CEF13100E54589 /* Release */ = {
			isa = XCBuildConfiguration;
			buildSettings = {
				ALWAYS_SEARCH_USER_PATHS = NO;
				CLANG_CXX_LANGUAGE_STANDARD = "gnu++0x";
				CLANG_CXX_LIBRARY = "libc++";
				CLANG_ENABLE_MODULES = YES;
				CLANG_ENABLE_OBJC_ARC = YES;
				CLANG_WARN_BOOL_CONVERSION = YES;
				CLANG_WARN_CONSTANT_CONVERSION = YES;
				CLANG_WARN_DIRECT_OBJC_ISA_USAGE = YES_ERROR;
				CLANG_WARN_EMPTY_BODY = YES;
				CLANG_WARN_ENUM_CONVERSION = YES;
				CLANG_WARN_INT_CONVERSION = YES;
				CLANG_WARN_OBJC_ROOT_CLASS = YES_ERROR;
				CLANG_WARN_UNREACHABLE_CODE = YES;
				CLANG_WARN__DUPLICATE_METHOD_MATCH = YES;
				"CODE_SIGN_IDENTITY[sdk=iphoneos*]" = "iPhone Developer";
				COPY_PHASE_STRIP = YES;
				ENABLE_NS_ASSERTIONS = NO;
				ENABLE_STRICT_OBJC_MSGSEND = YES;
				GCC_C_LANGUAGE_STANDARD = gnu99;
				GCC_WARN_64_TO_32_BIT_CONVERSION = YES;
				GCC_WARN_ABOUT_RETURN_TYPE = YES_ERROR;
				GCC_WARN_UNDECLARED_SELECTOR = YES;
				GCC_WARN_UNINITIALIZED_AUTOS = YES_AGGRESSIVE;
				GCC_WARN_UNUSED_FUNCTION = YES;
				GCC_WARN_UNUSED_VARIABLE = YES;
				IPHONEOS_DEPLOYMENT_TARGET = 8.0;
				MTL_ENABLE_DEBUG_INFO = NO;
				SDKROOT = iphoneos;
				TARGETED_DEVICE_FAMILY = "1,2";
				VALIDATE_PRODUCT = YES;
			};
			name = Release;
		};
		7D7CFE3A19CEF13100E54589 /* Debug */ = {
			isa = XCBuildConfiguration;
			buildSettings = {
				ASSETCATALOG_COMPILER_APPICON_NAME = AppIcon;
				CODE_SIGN_ENTITLEMENTS = SwiftCurrency/SwiftCurrency.entitlements;
				CODE_SIGN_IDENTITY = "iPhone Developer";
				"CODE_SIGN_IDENTITY[sdk=iphoneos*]" = "iPhone Developer";
				INFOPLIST_FILE = SwiftCurrency/Info.plist;
				LD_RUNPATH_SEARCH_PATHS = "$(inherited) @executable_path/Frameworks";
				PRODUCT_NAME = "$(TARGET_NAME)";
				PROVISIONING_PROFILE = "";
			};
			name = Debug;
		};
		7D7CFE3B19CEF13100E54589 /* Release */ = {
			isa = XCBuildConfiguration;
			buildSettings = {
				ASSETCATALOG_COMPILER_APPICON_NAME = AppIcon;
				CODE_SIGN_ENTITLEMENTS = SwiftCurrency/SwiftCurrency.entitlements;
				CODE_SIGN_IDENTITY = "iPhone Developer";
				"CODE_SIGN_IDENTITY[sdk=iphoneos*]" = "iPhone Developer";
				INFOPLIST_FILE = SwiftCurrency/Info.plist;
				LD_RUNPATH_SEARCH_PATHS = "$(inherited) @executable_path/Frameworks";
				PRODUCT_NAME = "$(TARGET_NAME)";
				PROVISIONING_PROFILE = "";
			};
			name = Release;
		};
		7D7CFE3D19CEF13100E54589 /* Debug */ = {
			isa = XCBuildConfiguration;
			buildSettings = {
				BUNDLE_LOADER = "$(TEST_HOST)";
				FRAMEWORK_SEARCH_PATHS = (
					"$(SDKROOT)/Developer/Library/Frameworks",
					"$(inherited)",
				);
				GCC_PREPROCESSOR_DEFINITIONS = (
					"DEBUG=1",
					"$(inherited)",
				);
				INFOPLIST_FILE = SwiftCurrencyTests/Info.plist;
				LD_RUNPATH_SEARCH_PATHS = "$(inherited) @executable_path/Frameworks @loader_path/Frameworks";
				PRODUCT_NAME = "$(TARGET_NAME)";
				TEST_HOST = "$(BUILT_PRODUCTS_DIR)/SwiftCurrency.app/SwiftCurrency";
			};
			name = Debug;
		};
		7D7CFE3E19CEF13100E54589 /* Release */ = {
			isa = XCBuildConfiguration;
			buildSettings = {
				BUNDLE_LOADER = "$(TEST_HOST)";
				FRAMEWORK_SEARCH_PATHS = (
					"$(SDKROOT)/Developer/Library/Frameworks",
					"$(inherited)",
				);
				INFOPLIST_FILE = SwiftCurrencyTests/Info.plist;
				LD_RUNPATH_SEARCH_PATHS = "$(inherited) @executable_path/Frameworks @loader_path/Frameworks";
				PRODUCT_NAME = "$(TARGET_NAME)";
				TEST_HOST = "$(BUILT_PRODUCTS_DIR)/SwiftCurrency.app/SwiftCurrency";
			};
			name = Release;
		};
		7D7CFE5419CEF18E00E54589 /* Debug */ = {
			isa = XCBuildConfiguration;
			buildSettings = {
				CODE_SIGN_ENTITLEMENTS = SwiftCurrencyEx/SwiftCurrencyEx.entitlements;
				CODE_SIGN_IDENTITY = "iPhone Developer";
				"CODE_SIGN_IDENTITY[sdk=iphoneos*]" = "iPhone Developer";
				GCC_PREPROCESSOR_DEFINITIONS = (
					"DEBUG=1",
					"$(inherited)",
				);
				INFOPLIST_FILE = SwiftCurrencyEx/Info.plist;
				LD_RUNPATH_SEARCH_PATHS = "$(inherited) @executable_path/Frameworks @executable_path/../../Frameworks";
				PRODUCT_NAME = "$(TARGET_NAME)";
				PROVISIONING_PROFILE = "";
				SKIP_INSTALL = YES;
			};
			name = Debug;
		};
		7D7CFE5519CEF18E00E54589 /* Release */ = {
			isa = XCBuildConfiguration;
			buildSettings = {
				CODE_SIGN_ENTITLEMENTS = SwiftCurrencyEx/SwiftCurrencyEx.entitlements;
				CODE_SIGN_IDENTITY = "iPhone Developer";
				"CODE_SIGN_IDENTITY[sdk=iphoneos*]" = "iPhone Developer";
				INFOPLIST_FILE = SwiftCurrencyEx/Info.plist;
				LD_RUNPATH_SEARCH_PATHS = "$(inherited) @executable_path/Frameworks @executable_path/../../Frameworks";
				PRODUCT_NAME = "$(TARGET_NAME)";
				PROVISIONING_PROFILE = "";
				SKIP_INSTALL = YES;
			};
			name = Release;
		};
/* End XCBuildConfiguration section */

/* Begin XCConfigurationList section */
		7D7CFE1519CEF13100E54589 /* Build configuration list for PBXProject "SwiftCurrency" */ = {
			isa = XCConfigurationList;
			buildConfigurations = (
				7D7CFE3719CEF13100E54589 /* Debug */,
				7D7CFE3819CEF13100E54589 /* Release */,
			);
			defaultConfigurationIsVisible = 0;
			defaultConfigurationName = Release;
		};
		7D7CFE3919CEF13100E54589 /* Build configuration list for PBXNativeTarget "SwiftCurrency" */ = {
			isa = XCConfigurationList;
			buildConfigurations = (
				7D7CFE3A19CEF13100E54589 /* Debug */,
				7D7CFE3B19CEF13100E54589 /* Release */,
			);
			defaultConfigurationIsVisible = 0;
			defaultConfigurationName = Release;
		};
		7D7CFE3C19CEF13100E54589 /* Build configuration list for PBXNativeTarget "SwiftCurrencyTests" */ = {
			isa = XCConfigurationList;
			buildConfigurations = (
				7D7CFE3D19CEF13100E54589 /* Debug */,
				7D7CFE3E19CEF13100E54589 /* Release */,
			);
			defaultConfigurationIsVisible = 0;
			defaultConfigurationName = Release;
		};
		7D7CFE5319CEF18E00E54589 /* Build configuration list for PBXNativeTarget "SwiftCurrencyEx" */ = {
			isa = XCConfigurationList;
			buildConfigurations = (
				7D7CFE5419CEF18E00E54589 /* Debug */,
				7D7CFE5519CEF18E00E54589 /* Release */,
			);
			defaultConfigurationIsVisible = 0;
			defaultConfigurationName = Release;
		};
/* End XCConfigurationList section */
	};
	rootObject = 7D7CFE1219CEF13100E54589 /* Project object */;
}
